
Microsoft Visual Studio Solution File, Format Version 12.00
# Visual Studio Version 17
VisualStudioVersion = 17.5.33516.290
MinimumVisualStudioVersion = 10.0.40219.1
Project("{9A19103F-16F7-4668-BE54-9A1E7A4F7556}") = "00. Algorithm", "00. Algorithm\00. Algorithm\00. Algorithm.csproj", "{9D8BF12C-1E82-47B8-BB0F-3EF4FFC4C3AA}"
EndProject
Project("{9A19103F-16F7-4668-BE54-9A1E7A4F7556}") = "01. List", "01. List\01. List\01. List.csproj", "{184C8F03-D257-472A-B8F4-0E6C0D5A2D57}"
EndProject
Project("{9A19103F-16F7-4668-BE54-9A1E7A4F7556}") = "01-1. List Study", "01-1. CSharp List\01-1. List Study.csproj", "{D7BFF5D7-1BC9-49F7-9FCC-3CA7040001B0}"
EndProject
Project("{9A19103F-16F7-4668-BE54-9A1E7A4F7556}") = "02. LinkedList", "02. LinkedList\02. LinkedList.csproj", "{CC394A5F-CE5B-43C7-8B85-DC6E43BEAB8C}"
EndProject
Project("{9A19103F-16F7-4668-BE54-9A1E7A4F7556}") = "02-1. LinkedList Study", "02-1. CSharp LinkedList\02-1. LinkedList Study.csproj", "{2D9AC6BD-4868-4AD0-A377-2F0F36897C36}"
EndProject
Project("{9A19103F-16F7-4668-BE54-9A1E7A4F7556}") = "03. Iterator", "03. Iterator\03. Iterator.csproj", "{FA5562A4-3079-49A8-9B91-06563AF0F18B}"
EndProject
Project("{9A19103F-16F7-4668-BE54-9A1E7A4F7556}") = "03-1. Iterator Study", "03-1. Iterator\03-1. Iterator Study.csproj", "{05E3324D-AD5A-40C9-950E-21AC39C8DCF8}"
EndProject
Project("{9A19103F-16F7-4668-BE54-9A1E7A4F7556}") = "04. Stack", "04. Stack\04. Stack.csproj", "{6951D62E-A554-40E9-B9BF-4C48A7185F8A}"
EndProject
Project("{9A19103F-16F7-4668-BE54-9A1E7A4F7556}") = "05. Queue", "05. Queue\05. Queue.csproj", "{563544C1-1B7A-47E5-81A5-235B7ABA2A86}"
EndProject
Project("{9A19103F-16F7-4668-BE54-9A1E7A4F7556}") = "04-1. Stack 05-1. Queue Study", "04-1. CSharp Stack 05-1. Queue\04-1. Stack 05-1. Queue Study.csproj", "{6B4BF1D9-AD24-45CF-B9E3-28D3C49A6D7B}"
EndProject
Project("{9A19103F-16F7-4668-BE54-9A1E7A4F7556}") = "06. Heap", "06. Heap\06. Heap.csproj", "{00611A0E-5938-4478-98A5-B58A21D3B79B}"
EndProject
Project("{9A19103F-16F7-4668-BE54-9A1E7A4F7556}") = "06-1. Heap Study", "06-1. Heap\06-1. Heap Study.csproj", "{2FBC07B0-8113-4F84-97EF-B3A29DC73D6E}"
EndProject
Project("{9A19103F-16F7-4668-BE54-9A1E7A4F7556}") = "07. BinarySearchTree", "07. BinarySearchTree\07. BinarySearchTree.csproj", "{A613DA64-E347-489D-8475-899BDA8E9A26}"
EndProject
Project("{9A19103F-16F7-4668-BE54-9A1E7A4F7556}") = "07-1. BinarySearchTree Study", "07-1. BinarySearchTree\07-1. BinarySearchTree Study.csproj", "{0AEA674A-AA64-47F5-A105-42B570364CE8}"
EndProject
Project("{9A19103F-16F7-4668-BE54-9A1E7A4F7556}") = "08. HashTable", "08. HashTable\08. HashTable.csproj", "{A58F4F94-6BAE-4B61-9EEE-9FA561EFAD0E}"
EndProject
Project("{9A19103F-16F7-4668-BE54-9A1E7A4F7556}") = "08-1. HashTable Study", "08-1. HashTable\08-1. HashTable Study.csproj", "{93BA053B-CED4-40C2-AFD6-5B21A03D8C55}"
EndProject
Project("{9A19103F-16F7-4668-BE54-9A1E7A4F7556}") = "09. DesignTechnique", "09. DesignTechnique\09. DesignTechnique.csproj", "{D09417B9-D6BD-4B6C-8748-DEA3D38496B5}"
EndProject
Project("{FAE04EC0-301F-11D3-BF4B-00C04F79EFBC}") = "09-1. DesignTechnique Study", "09. DesignTechnique Study\09-1. DesignTechnique Study.csproj", "{A54DC5F8-C51C-4B01-88F2-1FEF4742EC46}"
EndProject
Global
	GlobalSection(SolutionConfigurationPlatforms) = preSolution
		Debug|Any CPU = Debug|Any CPU
		Release|Any CPU = Release|Any CPU
	EndGlobalSection
	GlobalSection(ProjectConfigurationPlatforms) = postSolution
		{9D8BF12C-1E82-47B8-BB0F-3EF4FFC4C3AA}.Debug|Any CPU.ActiveCfg = Debug|Any CPU
		{9D8BF12C-1E82-47B8-BB0F-3EF4FFC4C3AA}.Debug|Any CPU.Build.0 = Debug|Any CPU
		{9D8BF12C-1E82-47B8-BB0F-3EF4FFC4C3AA}.Release|Any CPU.ActiveCfg = Release|Any CPU
		{9D8BF12C-1E82-47B8-BB0F-3EF4FFC4C3AA}.Release|Any CPU.Build.0 = Release|Any CPU
		{184C8F03-D257-472A-B8F4-0E6C0D5A2D57}.Debug|Any CPU.ActiveCfg = Debug|Any CPU
		{184C8F03-D257-472A-B8F4-0E6C0D5A2D57}.Debug|Any CPU.Build.0 = Debug|Any CPU
		{184C8F03-D257-472A-B8F4-0E6C0D5A2D57}.Release|Any CPU.ActiveCfg = Release|Any CPU
		{184C8F03-D257-472A-B8F4-0E6C0D5A2D57}.Release|Any CPU.Build.0 = Release|Any CPU
		{D7BFF5D7-1BC9-49F7-9FCC-3CA7040001B0}.Debug|Any CPU.ActiveCfg = Debug|Any CPU
		{D7BFF5D7-1BC9-49F7-9FCC-3CA7040001B0}.Debug|Any CPU.Build.0 = Debug|Any CPU
		{D7BFF5D7-1BC9-49F7-9FCC-3CA7040001B0}.Release|Any CPU.ActiveCfg = Release|Any CPU
		{D7BFF5D7-1BC9-49F7-9FCC-3CA7040001B0}.Release|Any CPU.Build.0 = Release|Any CPU
		{CC394A5F-CE5B-43C7-8B85-DC6E43BEAB8C}.Debug|Any CPU.ActiveCfg = Debug|Any CPU
		{CC394A5F-CE5B-43C7-8B85-DC6E43BEAB8C}.Debug|Any CPU.Build.0 = Debug|Any CPU
		{CC394A5F-CE5B-43C7-8B85-DC6E43BEAB8C}.Release|Any CPU.ActiveCfg = Release|Any CPU
		{CC394A5F-CE5B-43C7-8B85-DC6E43BEAB8C}.Release|Any CPU.Build.0 = Release|Any CPU
		{2D9AC6BD-4868-4AD0-A377-2F0F36897C36}.Debug|Any CPU.ActiveCfg = Debug|Any CPU
		{2D9AC6BD-4868-4AD0-A377-2F0F36897C36}.Debug|Any CPU.Build.0 = Debug|Any CPU
		{2D9AC6BD-4868-4AD0-A377-2F0F36897C36}.Release|Any CPU.ActiveCfg = Release|Any CPU
		{2D9AC6BD-4868-4AD0-A377-2F0F36897C36}.Release|Any CPU.Build.0 = Release|Any CPU
		{FA5562A4-3079-49A8-9B91-06563AF0F18B}.Debug|Any CPU.ActiveCfg = Debug|Any CPU
		{FA5562A4-3079-49A8-9B91-06563AF0F18B}.Debug|Any CPU.Build.0 = Debug|Any CPU
		{FA5562A4-3079-49A8-9B91-06563AF0F18B}.Release|Any CPU.ActiveCfg = Release|Any CPU
		{FA5562A4-3079-49A8-9B91-06563AF0F18B}.Release|Any CPU.Build.0 = Release|Any CPU
		{05E3324D-AD5A-40C9-950E-21AC39C8DCF8}.Debug|Any CPU.ActiveCfg = Debug|Any CPU
		{05E3324D-AD5A-40C9-950E-21AC39C8DCF8}.Debug|Any CPU.Build.0 = Debug|Any CPU
		{05E3324D-AD5A-40C9-950E-21AC39C8DCF8}.Release|Any CPU.ActiveCfg = Release|Any CPU
		{05E3324D-AD5A-40C9-950E-21AC39C8DCF8}.Release|Any CPU.Build.0 = Release|Any CPU
		{6951D62E-A554-40E9-B9BF-4C48A7185F8A}.Debug|Any CPU.ActiveCfg = Debug|Any CPU
		{6951D62E-A554-40E9-B9BF-4C48A7185F8A}.Debug|Any CPU.Build.0 = Debug|Any CPU
		{6951D62E-A554-40E9-B9BF-4C48A7185F8A}.Release|Any CPU.ActiveCfg = Release|Any CPU
		{6951D62E-A554-40E9-B9BF-4C48A7185F8A}.Release|Any CPU.Build.0 = Release|Any CPU
		{563544C1-1B7A-47E5-81A5-235B7ABA2A86}.Debug|Any CPU.ActiveCfg = Debug|Any CPU
		{563544C1-1B7A-47E5-81A5-235B7ABA2A86}.Debug|Any CPU.Build.0 = Debug|Any CPU
		{563544C1-1B7A-47E5-81A5-235B7ABA2A86}.Release|Any CPU.ActiveCfg = Release|Any CPU
		{563544C1-1B7A-47E5-81A5-235B7ABA2A86}.Release|Any CPU.Build.0 = Release|Any CPU
		{6B4BF1D9-AD24-45CF-B9E3-28D3C49A6D7B}.Debug|Any CPU.ActiveCfg = Debug|Any CPU
		{6B4BF1D9-AD24-45CF-B9E3-28D3C49A6D7B}.Debug|Any CPU.Build.0 = Debug|Any CPU
		{6B4BF1D9-AD24-45CF-B9E3-28D3C49A6D7B}.Release|Any CPU.ActiveCfg = Release|Any CPU
		{6B4BF1D9-AD24-45CF-B9E3-28D3C49A6D7B}.Release|Any CPU.Build.0 = Release|Any CPU
		{00611A0E-5938-4478-98A5-B58A21D3B79B}.Debug|Any CPU.ActiveCfg = Debug|Any CPU
		{00611A0E-5938-4478-98A5-B58A21D3B79B}.Debug|Any CPU.Build.0 = Debug|Any CPU
		{00611A0E-5938-4478-98A5-B58A21D3B79B}.Release|Any CPU.ActiveCfg = Release|Any CPU
		{00611A0E-5938-4478-98A5-B58A21D3B79B}.Release|Any CPU.Build.0 = Release|Any CPU
		{2FBC07B0-8113-4F84-97EF-B3A29DC73D6E}.Debug|Any CPU.ActiveCfg = Debug|Any CPU
		{2FBC07B0-8113-4F84-97EF-B3A29DC73D6E}.Debug|Any CPU.Build.0 = Debug|Any CPU
		{2FBC07B0-8113-4F84-97EF-B3A29DC73D6E}.Release|Any CPU.ActiveCfg = Release|Any CPU
		{2FBC07B0-8113-4F84-97EF-B3A29DC73D6E}.Release|Any CPU.Build.0 = Release|Any CPU
		{A613DA64-E347-489D-8475-899BDA8E9A26}.Debug|Any CPU.ActiveCfg = Debug|Any CPU
		{A613DA64-E347-489D-8475-899BDA8E9A26}.Debug|Any CPU.Build.0 = Debug|Any CPU
		{A613DA64-E347-489D-8475-899BDA8E9A26}.Release|Any CPU.ActiveCfg = Release|Any CPU
		{A613DA64-E347-489D-8475-899BDA8E9A26}.Release|Any CPU.Build.0 = Release|Any CPU
		{0AEA674A-AA64-47F5-A105-42B570364CE8}.Debug|Any CPU.ActiveCfg = Debug|Any CPU
		{0AEA674A-AA64-47F5-A105-42B570364CE8}.Debug|Any CPU.Build.0 = Debug|Any CPU
		{0AEA674A-AA64-47F5-A105-42B570364CE8}.Release|Any CPU.ActiveCfg = Release|Any CPU
		{0AEA674A-AA64-47F5-A105-42B570364CE8}.Release|Any CPU.Build.0 = Release|Any CPU
		{A58F4F94-6BAE-4B61-9EEE-9FA561EFAD0E}.Debug|Any CPU.ActiveCfg = Debug|Any CPU
		{A58F4F94-6BAE-4B61-9EEE-9FA561EFAD0E}.Debug|Any CPU.Build.0 = Debug|Any CPU
		{A58F4F94-6BAE-4B61-9EEE-9FA561EFAD0E}.Release|Any CPU.ActiveCfg = Release|Any CPU
		{A58F4F94-6BAE-4B61-9EEE-9FA561EFAD0E}.Release|Any CPU.Build.0 = Release|Any CPU
		{93BA053B-CED4-40C2-AFD6-5B21A03D8C55}.Debug|Any CPU.ActiveCfg = Debug|Any CPU
		{93BA053B-CED4-40C2-AFD6-5B21A03D8C55}.Debug|Any CPU.Build.0 = Debug|Any CPU
		{93BA053B-CED4-40C2-AFD6-5B21A03D8C55}.Release|Any CPU.ActiveCfg = Release|Any CPU
		{93BA053B-CED4-40C2-AFD6-5B21A03D8C55}.Release|Any CPU.Build.0 = Release|Any CPU
		{D09417B9-D6BD-4B6C-8748-DEA3D38496B5}.Debug|Any CPU.ActiveCfg = Debug|Any CPU
		{D09417B9-D6BD-4B6C-8748-DEA3D38496B5}.Debug|Any CPU.Build.0 = Debug|Any CPU
		{D09417B9-D6BD-4B6C-8748-DEA3D38496B5}.Release|Any CPU.ActiveCfg = Release|Any CPU
		{D09417B9-D6BD-4B6C-8748-DEA3D38496B5}.Release|Any CPU.Build.0 = Release|Any CPU
		{A54DC5F8-C51C-4B01-88F2-1FEF4742EC46}.Debug|Any CPU.ActiveCfg = Debug|Any CPU
		{A54DC5F8-C51C-4B01-88F2-1FEF4742EC46}.Debug|Any CPU.Build.0 = Debug|Any CPU
		{A54DC5F8-C51C-4B01-88F2-1FEF4742EC46}.Release|Any CPU.ActiveCfg = Release|Any CPU
		{A54DC5F8-C51C-4B01-88F2-1FEF4742EC46}.Release|Any CPU.Build.0 = Release|Any CPU
	EndGlobalSection
	GlobalSection(SolutionProperties) = preSolution
		HideSolutionNode = FALSE
	EndGlobalSection
	GlobalSection(ExtensibilityGlobals) = postSolution
		SolutionGuid = {3FC6851A-D6F4-4FB3-9539-708D08DE8E88}
	EndGlobalSection
EndGlobal
